
Microsoft Visual Studio Solution File, Format Version 12.00
# Visual Studio 15
VisualStudioVersion = 15.0.28307.1401
MinimumVisualStudioVersion = 10.0.40219.1
Project("{FAE04EC0-301F-11D3-BF4B-00C04F79EFBC}") = "SQLHD", "SQLHD\SQLHD.csproj", "{4CFF647F-5F81-49B0-9497-34F2CA12E85D}"
EndProject
Global
	GlobalSection(SolutionConfigurationPlatforms) = preSolution
		Debug|Any CPU = Debug|Any CPU
		Release|Any CPU = Release|Any CPU
	EndGlobalSection
	GlobalSection(ProjectConfigurationPlatforms) = postSolution
		{4CFF647F-5F81-49B0-9497-34F2CA12E85D}.Debug|Any CPU.ActiveCfg = Debug|Any CPU
		{4CFF647F-5F81-49B0-9497-34F2CA12E85D}.Debug|Any CPU.Build.0 = Debug|Any CPU
		{4CFF647F-5F81-49B0-9497-34F2CA12E85D}.Release|Any CPU.ActiveCfg = Release|Any CPU
		{4CFF647F-5F81-49B0-9497-34F2CA12E85D}.Release|Any CPU.Build.0 = Release|Any CPU
	EndGlobalSection
	GlobalSection(SolutionProperties) = preSolution
		HideSolutionNode = FALSE
	EndGlobalSection
	GlobalSection(ExtensibilityGlobals) = postSolution
		SolutionGuid = {590F29F0-A6C3-4CF9-ACA5-FB0B057C82CE}
	EndGlobalSection
EndGlobal
