
Microsoft Visual Studio Solution File, Format Version 12.00
# Visual Studio Version 16
VisualStudioVersion = 16.0.31019.35
MinimumVisualStudioVersion = 10.0.40219.1
Project("{FAE04EC0-301F-11D3-BF4B-00C04F79EFBC}") = "WpfMonhocApi", "WpfMonhocApi\WpfMonhocApi.csproj", "{8C73A327-888F-424E-A6CB-EC9C03B16203}"
EndProject
Global
	GlobalSection(SolutionConfigurationPlatforms) = preSolution
		Debug|Any CPU = Debug|Any CPU
		Release|Any CPU = Release|Any CPU
	EndGlobalSection
	GlobalSection(ProjectConfigurationPlatforms) = postSolution
		{8C73A327-888F-424E-A6CB-EC9C03B16203}.Debug|Any CPU.ActiveCfg = Debug|Any CPU
		{8C73A327-888F-424E-A6CB-EC9C03B16203}.Debug|Any CPU.Build.0 = Debug|Any CPU
		{8C73A327-888F-424E-A6CB-EC9C03B16203}.Release|Any CPU.ActiveCfg = Release|Any CPU
		{8C73A327-888F-424E-A6CB-EC9C03B16203}.Release|Any CPU.Build.0 = Release|Any CPU
	EndGlobalSection
	GlobalSection(SolutionProperties) = preSolution
		HideSolutionNode = FALSE
	EndGlobalSection
	GlobalSection(ExtensibilityGlobals) = postSolution
		SolutionGuid = {2B919813-301B-432D-B8D7-C16DEE0B019F}
	EndGlobalSection
EndGlobal
